[[package]]
name = "antidote"
version = "1.0.0"
source = "registry+https://github.com/rust-lang/crates.io-index"

[[package]]
name = "cfg-if"
version = "0.1.4"
source = "registry+https://github.com/rust-lang/crates.io-index"

[[package]]
name = "lazy_static"
version = "1.0.2"
source = "registry+https://github.com/rust-lang/crates.io-index"

[[package]]
name = "log"
version = "0.3.9"
source = "registry+https://github.com/rust-lang/crates.io-index"
dependencies = [
 "log 0.4.3 (registry+https://github.com/rust-lang/crates.io-index)",
]

[[package]]
name = "log"
version = "0.4.3"
source = "registry+https://github.com/rust-lang/crates.io-index"
dependencies = [
 "cfg-if 0.1.4 (registry+https://github.com/rust-lang/crates.io-index)",
]

[[package]]
name = "odbc"
version = "0.9.6"
source = "registry+https://github.com/rust-lang/crates.io-index"
dependencies = [
 "log 0.3.9 (registry+https://github.com/rust-lang/crates.io-index)",
 "odbc-safe 0.4.1 (registry+https://github.com/rust-lang/crates.io-index)",
 "odbc-sys 0.6.3 (registry+https://github.com/rust-lang/crates.io-index)",
]

[[package]]
name = "odbc-safe"
version = "0.4.1"
source = "registry+https://github.com/rust-lang/crates.io-index"
dependencies = [
 "odbc-sys 0.6.3 (registry+https://github.com/rust-lang/crates.io-index)",
]

[[package]]
name = "odbc-sys"
version = "0.6.3"
source = "registry+https://github.com/rust-lang/crates.io-index"

[[package]]
name = "r2d2"
version = "0.8.2"
source = "registry+https://github.com/rust-lang/crates.io-index"
dependencies = [
 "antidote 1.0.0 (registry+https://github.com/rust-lang/crates.io-index)",
 "log 0.4.3 (registry+https://github.com/rust-lang/crates.io-index)",
 "scheduled-thread-pool 0.2.0 (registry+https://github.com/rust-lang/crates.io-index)",
]

[[package]]
name = "r2d2_odbc"
version = "0.1.0"
source = "registry+https://github.com/rust-lang/crates.io-index"
dependencies = [
 "lazy_static 1.0.2 (registry+https://github.com/rust-lang/crates.io-index)",
 "odbc 0.9.6 (registry+https://github.com/rust-lang/crates.io-index)",
 "r2d2 0.8.2 (registry+https://github.com/rust-lang/crates.io-index)",
]

[[package]]
name = "rust-db2"
version = "0.1.0"
dependencies = [
 "odbc 0.9.6 (registry+https://github.com/rust-lang/crates.io-index)",
 "r2d2 0.8.2 (registry+https://github.com/rust-lang/crates.io-index)",
 "r2d2_odbc 0.1.0 (registry+https://github.com/rust-lang/crates.io-index)",
]

[[package]]
name = "scheduled-thread-pool"
version = "0.2.0"
source = "registry+https://github.com/rust-lang/crates.io-index"
dependencies = [
 "antidote 1.0.0 (registry+https://github.com/rust-lang/crates.io-index)",
]

[metadata]
"checksum antidote 1.0.0 (registry+https://github.com/rust-lang/crates.io-index)" = "34fde25430d87a9388dadbe6e34d7f72a462c8b43ac8d309b42b0a8505d7e2a5"
"checksum cfg-if 0.1.4 (registry+https://github.com/rust-lang/crates.io-index)" = "efe5c877e17a9c717a0bf3613b2709f723202c4e4675cc8f12926ded29bcb17e"
"checksum lazy_static 1.0.2 (registry+https://github.com/rust-lang/crates.io-index)" = "fb497c35d362b6a331cfd94956a07fc2c78a4604cdbee844a81170386b996dd3"
"checksum log 0.3.9 (registry+https://github.com/rust-lang/crates.io-index)" = "e19e8d5c34a3e0e2223db8e060f9e8264aeeb5c5fc64a4ee9965c062211c024b"
"checksum log 0.4.3 (registry+https://github.com/rust-lang/crates.io-index)" = "61bd98ae7f7b754bc53dca7d44b604f733c6bba044ea6f41bc8d89272d8161d2"
"checksum odbc 0.9.6 (registry+https://github.com/rust-lang/crates.io-index)" = "c3baf05c76d4dfde333ad2e4dc78540bf5bf56cdae858b811ee1e254525b6951"
"checksum odbc-safe 0.4.1 (registry+https://github.com/rust-lang/crates.io-index)" = "f57e420b988c9d41005b33da6710bc1a657f2ce540a951c8aeb1d23ce1615502"
"checksum odbc-sys 0.6.3 (registry+https://github.com/rust-lang/crates.io-index)" = "824b45fb2d67a9cab7bfe8c3e7d543b34935764d2d0eee15373ef85dd5988b72"
"checksum r2d2 0.8.2 (registry+https://github.com/rust-lang/crates.io-index)" = "f9078ca6a8a5568ed142083bb2f7dc9295b69d16f867ddcc9849e51b17d8db46"
"checksum r2d2_odbc 0.1.0 (registry+https://github.com/rust-lang/crates.io-index)" = "89a90d459707a8b3bf66994997d3539da1a6da5243f9542175b6509c670a127a"
"checksum scheduled-thread-pool 0.2.0 (registry+https://github.com/rust-lang/crates.io-index)" = "1a2ff3fc5223829be817806c6441279c676e454cc7da608faf03b0ccc09d3889"
